
Microsoft Visual Studio Solution File, Format Version 12.00
# Visual Studio Version 16
VisualStudioVersion = 16.0.29318.209
MinimumVisualStudioVersion = 10.0.40219.1
Project("{FAE04EC0-301F-11D3-BF4B-00C04F79EFBC}") = "LINQDemo", "LINQDemo\LINQDemo.csproj", "{D855CF89-C985-48DF-9E06-4806D3C8D1B8}"
EndProject
Global
	GlobalSection(SolutionConfigurationPlatforms) = preSolution
		Debug|Any CPU = Debug|Any CPU
		Release|Any CPU = Release|Any CPU
	EndGlobalSection
	GlobalSection(ProjectConfigurationPlatforms) = postSolution
		{D855CF89-C985-48DF-9E06-4806D3C8D1B8}.Debug|Any CPU.ActiveCfg = Debug|Any CPU
		{D855CF89-C985-48DF-9E06-4806D3C8D1B8}.Debug|Any CPU.Build.0 = Debug|Any CPU
		{D855CF89-C985-48DF-9E06-4806D3C8D1B8}.Release|Any CPU.ActiveCfg = Release|Any CPU
		{D855CF89-C985-48DF-9E06-4806D3C8D1B8}.Release|Any CPU.Build.0 = Release|Any CPU
	EndGlobalSection
	GlobalSection(SolutionProperties) = preSolution
		HideSolutionNode = FALSE
	EndGlobalSection
	GlobalSection(ExtensibilityGlobals) = postSolution
		SolutionGuid = {599E7A75-6AFD-4A1E-ADAC-CD706D8CA93D}
	EndGlobalSection
EndGlobal
